{
  "name": "typescript-node-playground",
  "version": "1.0.0",
  "lockfileVersion": 1,
  "requires": true,
  "dependencies": {
    "@types/lodash": {
      "version": "4.14.104",
      "resolved": "https://registry.npmjs.org/@types/lodash/-/lodash-4.14.104.tgz",
      "integrity": "sha512-ufQcVg4daO8xQ5kopxRHanqFdL4AI7ondQkV+2f+7mz3gvp0LkBx2zBRC6hfs3T87mzQFmf5Fck7Fi145Ul6NQ==",
      "dev": true
    },
    "typescript": {
      "version": "2.8.0-dev.20180308",
      "resolved": "https://registry.npmjs.org/typescript/-/typescript-2.8.0-dev.20180308.tgz",
      "integrity": "sha512-UI8bxYQmgCSdS+Keh7w7KTXSbsJ56GFRHeNxhpAyhrEuP5Tf8pikoAa71UaPXZJBWnP0ZAscHlXjrPlrfwk4Jg=="
    }
  }
}
